
Microsoft Visual Studio Solution File, Format Version 12.00
# Visual Studio Version 17
VisualStudioVersion = 17.5.002.0
MinimumVisualStudioVersion = 10.0.40219.1
Project("{9A19103F-16F7-4668-BE54-9A1E7A4F7556}") = "GameStore.Client", "GameStore.Client\GameStore.Client.csproj", "{F3E17BD9-6D29-42FA-82E5-AE67C37E464A}"
EndProject
Project("{9A19103F-16F7-4668-BE54-9A1E7A4F7556}") = "GameStore.Server", "GameStore.Server\GameStore.Server.csproj", "{7FC80047-E203-4FCF-94F3-CD971EED7E18}"
EndProject
Global
	GlobalSection(SolutionConfigurationPlatforms) = preSolution
		Debug|Any CPU = Debug|Any CPU
		Release|Any CPU = Release|Any CPU
	EndGlobalSection
	GlobalSection(ProjectConfigurationPlatforms) = postSolution
		{F3E17BD9-6D29-42FA-82E5-AE67C37E464A}.Debug|Any CPU.ActiveCfg = Debug|Any CPU
		{F3E17BD9-6D29-42FA-82E5-AE67C37E464A}.Debug|Any CPU.Build.0 = Debug|Any CPU
		{F3E17BD9-6D29-42FA-82E5-AE67C37E464A}.Release|Any CPU.ActiveCfg = Release|Any CPU
		{F3E17BD9-6D29-42FA-82E5-AE67C37E464A}.Release|Any CPU.Build.0 = Release|Any CPU
		{7FC80047-E203-4FCF-94F3-CD971EED7E18}.Debug|Any CPU.ActiveCfg = Debug|Any CPU
		{7FC80047-E203-4FCF-94F3-CD971EED7E18}.Debug|Any CPU.Build.0 = Debug|Any CPU
		{7FC80047-E203-4FCF-94F3-CD971EED7E18}.Release|Any CPU.ActiveCfg = Release|Any CPU
		{7FC80047-E203-4FCF-94F3-CD971EED7E18}.Release|Any CPU.Build.0 = Release|Any CPU
	EndGlobalSection
	GlobalSection(SolutionProperties) = preSolution
		HideSolutionNode = FALSE
	EndGlobalSection
	GlobalSection(ExtensibilityGlobals) = postSolution
		SolutionGuid = {74F7DEE4-A7B1-4A77-9201-C9C65205448B}
	EndGlobalSection
EndGlobal
